
Microsoft Visual Studio Solution File, Format Version 12.00
# Visual Studio Version 16
VisualStudioVersion = 16.0.29926.136
MinimumVisualStudioVersion = 10.0.40219.1
Project("{FAE04EC0-301F-11D3-BF4B-00C04F79EFBC}") = "QuanLyKhachSan", "QuanLyKhachSan.csproj", "{BF252B39-6B94-4E12-895B-279C92B5909E}"
EndProject
Global
	GlobalSection(SolutionConfigurationPlatforms) = preSolution
		Debug|Any CPU = Debug|Any CPU
		Release|Any CPU = Release|Any CPU
	EndGlobalSection
	GlobalSection(ProjectConfigurationPlatforms) = postSolution
		{BF252B39-6B94-4E12-895B-279C92B5909E}.Debug|Any CPU.ActiveCfg = Debug|Any CPU
		{BF252B39-6B94-4E12-895B-279C92B5909E}.Debug|Any CPU.Build.0 = Debug|Any CPU
		{BF252B39-6B94-4E12-895B-279C92B5909E}.Release|Any CPU.ActiveCfg = Release|Any CPU
		{BF252B39-6B94-4E12-895B-279C92B5909E}.Release|Any CPU.Build.0 = Release|Any CPU
	EndGlobalSection
	GlobalSection(SolutionProperties) = preSolution
		HideSolutionNode = FALSE
	EndGlobalSection
	GlobalSection(ExtensibilityGlobals) = postSolution
		SolutionGuid = {9962F606-0EAB-45F9-B8AF-7FFF934CD6C2}
	EndGlobalSection
EndGlobal
